
Microsoft Visual Studio Solution File, Format Version 12.00
# Visual Studio Version 16
VisualStudioVersion = 16.0.31515.178
MinimumVisualStudioVersion = 10.0.40219.1
Project("{FAE04EC0-301F-11D3-BF4B-00C04F79EFBC}") = "finalprojectnew", "finalprojectnew.csproj", "{264BFC35-D0A5-4A80-BD45-ECD5636E165D}"
EndProject
Global
	GlobalSection(SolutionConfigurationPlatforms) = preSolution
		Debug|Any CPU = Debug|Any CPU
		Release|Any CPU = Release|Any CPU
	EndGlobalSection
	GlobalSection(ProjectConfigurationPlatforms) = postSolution
		{264BFC35-D0A5-4A80-BD45-ECD5636E165D}.Debug|Any CPU.ActiveCfg = Debug|Any CPU
		{264BFC35-D0A5-4A80-BD45-ECD5636E165D}.Debug|Any CPU.Build.0 = Debug|Any CPU
		{264BFC35-D0A5-4A80-BD45-ECD5636E165D}.Release|Any CPU.ActiveCfg = Release|Any CPU
		{264BFC35-D0A5-4A80-BD45-ECD5636E165D}.Release|Any CPU.Build.0 = Release|Any CPU
	EndGlobalSection
	GlobalSection(SolutionProperties) = preSolution
		HideSolutionNode = FALSE
	EndGlobalSection
	GlobalSection(ExtensibilityGlobals) = postSolution
		SolutionGuid = {33860129-C115-4153-BACB-ECE8F1E9C471}
	EndGlobalSection
EndGlobal
